
Microsoft Visual Studio Solution File, Format Version 12.00
# Visual Studio 15
VisualStudioVersion = 15.0.26228.4
MinimumVisualStudioVersion = 10.0.40219.1
Project("{9A19103F-16F7-4668-BE54-9A1E7A4F7556}") = "wsfed-issue", "wsfed-issue.csproj", "{A770686B-7327-476E-A73F-C01865A19A94}"
EndProject
Global
	GlobalSection(SolutionConfigurationPlatforms) = preSolution
		Debug|Any CPU = Debug|Any CPU
		Release|Any CPU = Release|Any CPU
	EndGlobalSection
	GlobalSection(ProjectConfigurationPlatforms) = postSolution
		{A770686B-7327-476E-A73F-C01865A19A94}.Debug|Any CPU.ActiveCfg = Debug|Any CPU
		{A770686B-7327-476E-A73F-C01865A19A94}.Debug|Any CPU.Build.0 = Debug|Any CPU
		{A770686B-7327-476E-A73F-C01865A19A94}.Release|Any CPU.ActiveCfg = Release|Any CPU
		{A770686B-7327-476E-A73F-C01865A19A94}.Release|Any CPU.Build.0 = Release|Any CPU
	EndGlobalSection
	GlobalSection(SolutionProperties) = preSolution
		HideSolutionNode = FALSE
	EndGlobalSection
	GlobalSection(ExtensibilityGlobals) = postSolution
		SolutionGuid = {BCAD5B65-D129-49D2-B028-A38C0A119C03}
	EndGlobalSection
EndGlobal
